Microsoft Visual Studio Solution File, Format Version 11.00
# Visual Studio 2008

Project("{C3D41BF5-EFB4-68A1-BCCE-53BD53726C85}") = "Lucas", "Assembly-CSharp.csproj", "{028F9E85-5EE2-0624-77BF-E2F0476BBE69}"
EndProject
Global
	GlobalSection(SolutionConfigurationPlatforms) = preSolution
		Debug|Any CPU = Debug|Any CPU
		Release|Any CPU = Release|Any CPU
	EndGlobalSection
	GlobalSection(ProjectConfigurationPlatforms) = postSolution
		{028F9E85-5EE2-0624-77BF-E2F0476BBE69}.Debug|Any CPU.ActiveCfg = Debug|Any CPU
		{028F9E85-5EE2-0624-77BF-E2F0476BBE69}.Debug|Any CPU.Build.0 = Debug|Any CPU
		{028F9E85-5EE2-0624-77BF-E2F0476BBE69}.Release|Any CPU.ActiveCfg = Release|Any CPU
		{028F9E85-5EE2-0624-77BF-E2F0476BBE69}.Release|Any CPU.Build.0 = Release|Any CPU
	EndGlobalSection
	GlobalSection(SolutionProperties) = preSolution
		HideSolutionNode = FALSE
	EndGlobalSection
																GlobalSection(MonoDevelopProperties) = preSolution
		StartupItem = Assembly-CSharp.csproj
		Policies = $0
		$0.TextStylePolicy = $1
		$1.inheritsSet = null
		$1.scope = text/x-csharp
		$0.CSharpFormattingPolicy = $2
		$2.inheritsSet = Mono
		$2.inheritsScope = text/x-csharp
		$2.scope = text/x-csharp
		$0.TextStylePolicy = $3
		$3.FileWidth = 120
		$3.TabWidth = 4
		$3.EolMarker = Unix
		$3.inheritsSet = Mono
		$3.inheritsScope = text/plain
		$3.scope = text/plain
	EndGlobalSection

EndGlobal
